// !$*UTF8*$!
{
	archiveVersion = 1;
	classes = {
	};
	objectVersion = 46;
	objects = {

/* Begin PBXBuildFile section */
		535D46D81E4DAA2900B9A183 /* ConnectViewController.m in Sources */ = {isa = PBXBuildFile; fileRef = 535D46D71E4DAA2900B9A183 /* ConnectViewController.m */; };
		535D473A1E52E00B00B9A183 /* Podfile in Resources */ = {isa = PBXBuildFile; fileRef = 535D47391E52E00B00B9A183 /* Podfile */; };
		5378CD921E34B37D00C20189 /* ScanViewController.m in Sources */ = {isa = PBXBuildFile; fileRef = 5378CD911E34B37D00C20189 /* ScanViewController.m */; };
		5378CD9F1E49DA6800C20189 /* BLEPeripheralConnectOption.m in Sources */ = {isa = PBXBuildFile; fileRef = 5378CD9E1E49DA6800C20189 /* BLEPeripheralConnectOption.m */; };
		5378CDA21E49DB1F00C20189 /* BLEPeripheralScanOption.m in Sources */ = {isa = PBXBuildFile; fileRef = 5378CDA11E49DB1F00C20189 /* BLEPeripheralScanOption.m */; };
		53B60E811E55940900F9D265 /* CharacteristicViewController.m in Sources */ = {isa = PBXBuildFile; fileRef = 53B60E801E55940900F9D265 /* CharacteristicViewController.m */; };
		53DA39321E30975E00BFE477 /* AppDelegate.m in Sources */ = {isa = PBXBuildFile; fileRef = 53DA39281E30975E00BFE477 /* AppDelegate.m */; };
		53DA39331E30975E00BFE477 /* Assets.xcassets in Resources */ = {isa = PBXBuildFile; fileRef = 53DA39291E30975E00BFE477 /* Assets.xcassets */; };
		53DA39341E30975E00BFE477 /* LaunchScreen.storyboard in Resources */ = {isa = PBXBuildFile; fileRef = 53DA392A1E30975E00BFE477 /* LaunchScreen.storyboard */; };
		53DA39351E30975E00BFE477 /* Main.storyboard in Resources */ = {isa = PBXBuildFile; fileRef = 53DA392C1E30975E00BFE477 /* Main.storyboard */; };
		53DA39371E30975E00BFE477 /* main.m in Sources */ = {isa = PBXBuildFile; fileRef = 53DA392F1E30975E00BFE477 /* main.m */; };
		53DA393B1E309A9B00BFE477 /* BLEPeripheral.m in Sources */ = {isa = PBXBuildFile; fileRef = 53DA393A1E309A9B00BFE477 /* BLEPeripheral.m */; };
		53DA393E1E30AE4600BFE477 /* BLEManager.m in Sources */ = {isa = PBXBuildFile; fileRef = 53DA393D1E30AE4600BFE477 /* BLEManager.m */; };
		E842A6655303B114946DAA45 /* libPods-BLEKit.a in Frameworks */ = {isa = PBXBuildFile; fileRef = DFF390C15C84767C7034C392 /* libPods-BLEKit.a */; };
/* End PBXBuildFile section */

/* Begin PBXFileReference section */
		33FD684FC3FAB577D5D01273 /* Pods-BLEKit.debug.xcconfig */ = {isa = PBXFileReference; includeInIndex = 1; lastKnownFileType = text.xcconfig; name = "Pods-BLEKit.debug.xcconfig"; path = "Pods/Target Support Files/Pods-BLEKit/Pods-BLEKit.debug.xcconfig"; sourceTree = "<group>"; };
		535D46D61E4DAA2900B9A183 /* ConnectViewController.h */ = {isa = PBXFileReference; fileEncoding = 4; lastKnownFileType = sourcecode.c.h; path = ConnectViewController.h; sourceTree = "<group>"; };
		535D46D71E4DAA2900B9A183 /* ConnectViewController.m */ = {isa = PBXFileReference; fileEncoding = 4; lastKnownFileType = sourcecode.c.objc; path = ConnectViewController.m; sourceTree = "<group>"; };
		535D47391E52E00B00B9A183 /* Podfile */ = {isa = PBXFileReference; fileEncoding = 4; lastKnownFileType = text; path = Podfile; sourceTree = SOURCE_ROOT; };
		5378CD901E34B37D00C20189 /* ScanViewController.h */ = {isa = PBXFileReference; fileEncoding = 4; lastKnownFileType = sourcecode.c.h; path = ScanViewController.h; sourceTree = "<group>"; };
		5378CD911E34B37D00C20189 /* ScanViewController.m */ = {isa = PBXFileReference; fileEncoding = 4; lastKnownFileType = sourcecode.c.objc; path = ScanViewController.m; sourceTree = "<group>"; };
		5378CD9D1E49DA6800C20189 /* BLEPeripheralConnectOption.h */ = {isa = PBXFileReference; fileEncoding = 4; lastKnownFileType = sourcecode.c.h; path = BLEPeripheralConnectOption.h; sourceTree = "<group>"; };
		5378CD9E1E49DA6800C20189 /* BLEPeripheralConnectOption.m */ = {isa = PBXFileReference; fileEncoding = 4; lastKnownFileType = sourcecode.c.objc; path = BLEPeripheralConnectOption.m; sourceTree = "<group>"; };
		5378CDA01E49DB1F00C20189 /* BLEPeripheralScanOption.h */ = {isa = PBXFileReference; fileEncoding = 4; lastKnownFileType = sourcecode.c.h; path = BLEPeripheralScanOption.h; sourceTree = "<group>"; };
		5378CDA11E49DB1F00C20189 /* BLEPeripheralScanOption.m */ = {isa = PBXFileReference; fileEncoding = 4; lastKnownFileType = sourcecode.c.objc; path = BLEPeripheralScanOption.m; sourceTree = "<group>"; };
		53B60E7F1E55940900F9D265 /* CharacteristicViewController.h */ = {isa = PBXFileReference; fileEncoding = 4; lastKnownFileType = sourcecode.c.h; path = CharacteristicViewController.h; sourceTree = "<group>"; };
		53B60E801E55940900F9D265 /* CharacteristicViewController.m */ = {isa = PBXFileReference; fileEncoding = 4; lastKnownFileType = sourcecode.c.objc; path = CharacteristicViewController.m; sourceTree = "<group>"; };
		53DA390C1E30969D00BFE477 /* BLEKit.app */ = {isa = PBXFileReference; explicitFileType = wrapper.application; includeInIndex = 0; path = BLEKit.app; sourceTree = BUILT_PRODUCTS_DIR; };
		53DA39271E30975E00BFE477 /* AppDelegate.h */ = {isa = PBXFileReference; fileEncoding = 4; lastKnownFileType = sourcecode.c.h; path = AppDelegate.h; sourceTree = "<group>"; };
		53DA39281E30975E00BFE477 /* AppDelegate.m */ = {isa = PBXFileReference; fileEncoding = 4; lastKnownFileType = sourcecode.c.objc; path = AppDelegate.m; sourceTree = "<group>"; };
		53DA39291E30975E00BFE477 /* Assets.xcassets */ = {isa = PBXFileReference; lastKnownFileType = folder.assetcatalog; path = Assets.xcassets; sourceTree = "<group>"; };
		53DA392B1E30975E00BFE477 /* Base */ = {isa = PBXFileReference; lastKnownFileType = file.storyboard; name = Base; path = Base.lproj/LaunchScreen.storyboard; sourceTree = "<group>"; };
		53DA392D1E30975E00BFE477 /* Base */ = {isa = PBXFileReference; lastKnownFileType = file.storyboard; name = Base; path = Base.lproj/Main.storyboard; sourceTree = "<group>"; };
		53DA392E1E30975E00BFE477 /* Info.plist */ = {isa = PBXFileReference; fileEncoding = 4; lastKnownFileType = text.plist.xml; path = Info.plist; sourceTree = "<group>"; };
		53DA392F1E30975E00BFE477 /* main.m */ = {isa = PBXFileReference; fileEncoding = 4; lastKnownFileType = sourcecode.c.objc; path = main.m; sourceTree = "<group>"; };
		53DA39391E309A9B00BFE477 /* BLEPeripheral.h */ = {isa = PBXFileReference; fileEncoding = 4; lastKnownFileType = sourcecode.c.h; path = BLEPeripheral.h; sourceTree = "<group>"; };
		53DA393A1E309A9B00BFE477 /* BLEPeripheral.m */ = {isa = PBXFileReference; fileEncoding = 4; lastKnownFileType = sourcecode.c.objc; path = BLEPeripheral.m; sourceTree = "<group>"; };
		53DA393C1E30AE4600BFE477 /* BLEManager.h */ = {isa = PBXFileReference; fileEncoding = 4; lastKnownFileType = sourcecode.c.h; path = BLEManager.h; sourceTree = "<group>"; };
		53DA393D1E30AE4600BFE477 /* BLEManager.m */ = {isa = PBXFileReference; fileEncoding = 4; lastKnownFileType = sourcecode.c.objc; path = BLEManager.m; sourceTree = "<group>"; };
		DFF390C15C84767C7034C392 /* libPods-BLEKit.a */ = {isa = PBXFileReference; explicitFileType = archive.ar; includeInIndex = 0; path = "libPods-BLEKit.a"; sourceTree = BUILT_PRODUCTS_DIR; };
		E5CF21429758D57E18B1FAA0 /* Pods-BLEKit.release.xcconfig */ = {isa = PBXFileReference; includeInIndex = 1; lastKnownFileType = text.xcconfig; name = "Pods-BLEKit.release.xcconfig"; path = "Pods/Target Support Files/Pods-BLEKit/Pods-BLEKit.release.xcconfig"; sourceTree = "<group>"; };
/* End PBXFileReference section */

/* Begin PBXFrameworksBuildPhase section */
		53DA39091E30969D00BFE477 /* Frameworks */ = {
			isa = PBXFrameworksBuildPhase;
			buildActionMask = 2147483647;
			files = (
				E842A6655303B114946DAA45 /* libPods-BLEKit.a in Frameworks */,
			);
			runOnlyForDeploymentPostprocessing = 0;
		};
/* End PBXFrameworksBuildPhase section */

/* Begin PBXGroup section */
		0166FA7AD7FF7EA09CB55A56 /* Frameworks */ = {
			isa = PBXGroup;
			children = (
				DFF390C15C84767C7034C392 /* libPods-BLEKit.a */,
			);
			name = Frameworks;
			sourceTree = "<group>";
		};
		53DA39031E30969D00BFE477 = {
			isa = PBXGroup;
			children = (
				53DA390E1E30969D00BFE477 /* BLEKit */,
				53DA39261E30975E00BFE477 /* Example */,
				53DA390D1E30969D00BFE477 /* Products */,
				6349C5A5E07B194302AA17B5 /* Pods */,
				0166FA7AD7FF7EA09CB55A56 /* Frameworks */,
			);
			sourceTree = "<group>";
		};
		53DA390D1E30969D00BFE477 /* Products */ = {
			isa = PBXGroup;
			children = (
				53DA390C1E30969D00BFE477 /* BLEKit.app */,
			);
			name = Products;
			sourceTree = "<group>";
		};
		53DA390E1E30969D00BFE477 /* BLEKit */ = {
			isa = PBXGroup;
			children = (
				53DA393C1E30AE4600BFE477 /* BLEManager.h */,
				53DA393D1E30AE4600BFE477 /* BLEManager.m */,
				53DA39391E309A9B00BFE477 /* BLEPeripheral.h */,
				53DA393A1E309A9B00BFE477 /* BLEPeripheral.m */,
				5378CD9D1E49DA6800C20189 /* BLEPeripheralConnectOption.h */,
				5378CD9E1E49DA6800C20189 /* BLEPeripheralConnectOption.m */,
				5378CDA01E49DB1F00C20189 /* BLEPeripheralScanOption.h */,
				5378CDA11E49DB1F00C20189 /* BLEPeripheralScanOption.m */,
			);
			path = BLEKit;
			sourceTree = "<group>";
		};
		53DA39261E30975E00BFE477 /* Example */ = {
			isa = PBXGroup;
			children = (
				535D47391E52E00B00B9A183 /* Podfile */,
				53DA39271E30975E00BFE477 /* AppDelegate.h */,
				53DA39281E30975E00BFE477 /* AppDelegate.m */,
				53DA39291E30975E00BFE477 /* Assets.xcassets */,
				53DA392A1E30975E00BFE477 /* LaunchScreen.storyboard */,
				53DA392C1E30975E00BFE477 /* Main.storyboard */,
				53DA392E1E30975E00BFE477 /* Info.plist */,
				53DA392F1E30975E00BFE477 /* main.m */,
				5378CD901E34B37D00C20189 /* ScanViewController.h */,
				5378CD911E34B37D00C20189 /* ScanViewController.m */,
				535D46D61E4DAA2900B9A183 /* ConnectViewController.h */,
				535D46D71E4DAA2900B9A183 /* ConnectViewController.m */,
				53B60E7F1E55940900F9D265 /* CharacteristicViewController.h */,
				53B60E801E55940900F9D265 /* CharacteristicViewController.m */,
			);
			path = Example;
			sourceTree = "<group>";
		};
		6349C5A5E07B194302AA17B5 /* Pods */ = {
			isa = PBXGroup;
			children = (
				33FD684FC3FAB577D5D01273 /* Pods-BLEKit.debug.xcconfig */,
				E5CF21429758D57E18B1FAA0 /* Pods-BLEKit.release.xcconfig */,
			);
			name = Pods;
			sourceTree = "<group>";
		};
/* End PBXGroup section */

/* Begin PBXNativeTarget section */
		53DA390B1E30969D00BFE477 /* BLEKit */ = {
			isa = PBXNativeTarget;
			buildConfigurationList = 53DA39231E30969D00BFE477 /* Build configuration list for PBXNativeTarget "BLEKit" */;
			buildPhases = (
				9FF220886E8B9DA22A7DB510 /* [CP] Check Pods Manifest.lock */,
				53DA39081E30969D00BFE477 /* Sources */,
				53DA39091E30969D00BFE477 /* Frameworks */,
				53DA390A1E30969D00BFE477 /* Resources */,
				6D1C0621F61F7F768D449AA4 /* [CP] Embed Pods Frameworks */,
				0A89D00846E8C18899F700C6 /* [CP] Copy Pods Resources */,
			);
			buildRules = (
			);
			dependencies = (
			);
			name = BLEKit;
			productName = BLEKit;
			productReference = 53DA390C1E30969D00BFE477 /* BLEKit.app */;
			productType = "com.apple.product-type.application";
		};
/* End PBXNativeTarget section */

/* Begin PBXProject section */
		53DA39041E30969D00BFE477 /* Project object */ = {
			isa = PBXProject;
			attributes = {
				LastUpgradeCheck = 0820;
				ORGANIZATIONNAME = LevinYan;
				TargetAttributes = {
					53DA390B1E30969D00BFE477 = {
						CreatedOnToolsVersion = 8.2;
						DevelopmentTeam = X3TFC4EBWV;
						ProvisioningStyle = Automatic;
					};
				};
			};
			buildConfigurationList = 53DA39071E30969D00BFE477 /* Build configuration list for PBXProject "BLEKit" */;
			compatibilityVersion = "Xcode 3.2";
			developmentRegion = English;
			hasScannedForEncodings = 0;
			knownRegions = (
				en,
				Base,
			);
			mainGroup = 53DA39031E30969D00BFE477;
			productRefGroup = 53DA390D1E30969D00BFE477 /* Products */;
			projectDirPath = "";
			projectRoot = "";
			targets = (
				53DA390B1E30969D00BFE477 /* BLEKit */,
			);
		};
/* End PBXProject section */

/* Begin PBXResourcesBuildPhase section */
		53DA390A1E30969D00BFE477 /* Resources */ = {
			isa = PBXResourcesBuildPhase;
			buildActionMask = 2147483647;
			files = (
				53DA39331E30975E00BFE477 /* Assets.xcassets in Resources */,
				53DA39351E30975E00BFE477 /* Main.storyboard in Resources */,
				535D473A1E52E00B00B9A183 /* Podfile in Resources */,
				53DA39341E30975E00BFE477 /* LaunchScreen.storyboard in Resources */,
			);
			runOnlyForDeploymentPostprocessing = 0;
		};
/* End PBXResourcesBuildPhase section */

/* Begin PBXShellScriptBuildPhase section */
		0A89D00846E8C18899F700C6 /* [CP] Copy Pods Resources */ = {
			isa = PBXShellScriptBuildPhase;
			buildActionMask = 2147483647;
			files = (
			);
			inputPaths = (
			);
			name = "[CP] Copy Pods Resources";
			outputPaths = (
			);
			runOnlyForDeploymentPostprocessing = 0;
			shellPath = /bin/sh;
			shellScript = "\"${SRCROOT}/Pods/Target Support Files/Pods-BLEKit/Pods-BLEKit-resources.sh\"\n";
			showEnvVarsInLog = 0;
		};
		6D1C0621F61F7F768D449AA4 /* [CP] Embed Pods Frameworks */ = {
			isa = PBXShellScriptBuildPhase;
			buildActionMask = 2147483647;
			files = (
			);
			inputPaths = (
			);
			name = "[CP] Embed Pods Frameworks";
			outputPaths = (
			);
			runOnlyForDeploymentPostprocessing = 0;
			shellPath = /bin/sh;
			shellScript = "\"${SRCROOT}/Pods/Target Support Files/Pods-BLEKit/Pods-BLEKit-frameworks.sh\"\n";
			showEnvVarsInLog = 0;
		};
		9FF220886E8B9DA22A7DB510 /* [CP] Check Pods Manifest.lock */ = {
			isa = PBXShellScriptBuildPhase;
			buildActionMask = 2147483647;
			files = (
			);
			inputPaths = (
			);
			name = "[CP] Check Pods Manifest.lock";
			outputPaths = (
			);
			runOnlyForDeploymentPostprocessing = 0;
			shellPath = /bin/sh;
			shellScript = "diff \"${PODS_ROOT}/../Podfile.lock\" \"${PODS_ROOT}/Manifest.lock\" > /dev/null\nif [[ $? != 0 ]] ; then\n    cat << EOM\nerror: The sandbox is not in sync with the Podfile.lock. Run 'pod install' or update your CocoaPods installation.\nEOM\n    exit 1\nfi\n";
			showEnvVarsInLog = 0;
		};
/* End PBXShellScriptBuildPhase section */

/* Begin PBXSourcesBuildPhase section */
		53DA39081E30969D00BFE477 /* Sources */ = {
			isa = PBXSourcesBuildPhase;
			buildActionMask = 2147483647;
			files = (
				5378CDA21E49DB1F00C20189 /* BLEPeripheralScanOption.m in Sources */,
				5378CD921E34B37D00C20189 /* ScanViewController.m in Sources */,
				53DA393B1E309A9B00BFE477 /* BLEPeripheral.m in Sources */,
				535D46D81E4DAA2900B9A183 /* ConnectViewController.m in Sources */,
				5378CD9F1E49DA6800C20189 /* BLEPeripheralConnectOption.m in Sources */,
				53DA393E1E30AE4600BFE477 /* BLEManager.m in Sources */,
				53B60E811E55940900F9D265 /* CharacteristicViewController.m in Sources */,
				53DA39371E30975E00BFE477 /* main.m in Sources */,
				53DA39321E30975E00BFE477 /* AppDelegate.m in Sources */,
			);
			runOnlyForDeploymentPostprocessing = 0;
		};
/* End PBXSourcesBuildPhase section */

/* Begin PBXVariantGroup section */
		53DA392A1E30975E00BFE477 /* LaunchScreen.storyboard */ = {
			isa = PBXVariantGroup;
			children = (
				53DA392B1E30975E00BFE477 /* Base */,
			);
			name = LaunchScreen.storyboard;
			sourceTree = "<group>";
		};
		53DA392C1E30975E00BFE477 /* Main.storyboard */ = {
			isa = PBXVariantGroup;
			children = (
				53DA392D1E30975E00BFE477 /* Base */,
			);
			name = Main.storyboard;
			sourceTree = "<group>";
		};
/* End PBXVariantGroup section */

/* Begin XCBuildConfiguration section */
		53DA39211E30969D00BFE477 /* Debug */ = {
			isa = XCBuildConfiguration;
			buildSettings = {
				ALWAYS_SEARCH_USER_PATHS = NO;
				CLANG_ANALYZER_NONNULL = YES;
				CLANG_CXX_LANGUAGE_STANDARD = "gnu++0x";
				CLANG_CXX_LIBRARY = "libc++";
				CLANG_ENABLE_MODULES = YES;
				CLANG_ENABLE_OBJC_ARC = YES;
				CLANG_WARN_BOOL_CONVERSION = YES;
				CLANG_WARN_CONSTANT_CONVERSION = YES;
				CLANG_WARN_DIRECT_OBJC_ISA_USAGE = YES_ERROR;
				CLANG_WARN_DOCUMENTATION_COMMENTS = YES;
				CLANG_WARN_EMPTY_BODY = YES;
				CLANG_WARN_ENUM_CONVERSION = YES;
				CLANG_WARN_INFINITE_RECURSION = YES;
				CLANG_WARN_INT_CONVERSION = YES;
				CLANG_WARN_OBJC_ROOT_CLASS = YES_ERROR;
				CLANG_WARN_SUSPICIOUS_MOVE = YES;
				CLANG_WARN_UNREACHABLE_CODE = YES;
				CLANG_WARN__DUPLICATE_METHOD_MATCH = YES;
				"CODE_SIGN_IDENTITY[sdk=iphoneos*]" = "iPhone Developer";
				COPY_PHASE_STRIP = NO;
				DEBUG_INFORMATION_FORMAT = dwarf;
				ENABLE_STRICT_OBJC_MSGSEND = YES;
				ENABLE_TESTABILITY = YES;
				GCC_C_LANGUAGE_STANDARD = gnu99;
				GCC_DYNAMIC_NO_PIC = NO;
				GCC_NO_COMMON_BLOCKS = YES;
				GCC_OPTIMIZATION_LEVEL = 0;
				GCC_PREPROCESSOR_DEFINITIONS = (
					"DEBUG=1",
					"$(inherited)",
				);
				GCC_WARN_64_TO_32_BIT_CONVERSION = YES;
				GCC_WARN_ABOUT_RETURN_TYPE = YES_ERROR;
				GCC_WARN_UNDECLARED_SELECTOR = YES;
				GCC_WARN_UNINITIALIZED_AUTOS = YES_AGGRESSIVE;
				GCC_WARN_UNUSED_FUNCTION = YES;
				GCC_WARN_UNUSED_VARIABLE = YES;
				IPHONEOS_DEPLOYMENT_TARGET = 10.2;
				MTL_ENABLE_DEBUG_INFO = YES;
				ONLY_ACTIVE_ARCH = YES;
				SDKROOT = iphoneos;
			};
			name = Debug;
		};
		53DA39221E30969D00BFE477 /* Release */ = {
			isa = XCBuildConfiguration;
			buildSettings = {
				ALWAYS_SEARCH_USER_PATHS = NO;
				CLANG_ANALYZER_NONNULL = YES;
				CLANG_CXX_LANGUAGE_STANDARD = "gnu++0x";
				CLANG_CXX_LIBRARY = "libc++";
				CLANG_ENABLE_MODULES = YES;
				CLANG_ENABLE_OBJC_ARC = YES;
				CLANG_WARN_BOOL_CONVERSION = YES;
				CLANG_WARN_CONSTANT_CONVERSION = YES;
				CLANG_WARN_DIRECT_OBJC_ISA_USAGE = YES_ERROR;
				CLANG_WARN_DOCUMENTATION_COMMENTS = YES;
				CLANG_WARN_EMPTY_BODY = YES;
				CLANG_WARN_ENUM_CONVERSION = YES;
				CLANG_WARN_INFINITE_RECURSION = YES;
				CLANG_WARN_INT_CONVERSION = YES;
				CLANG_WARN_OBJC_ROOT_CLASS = YES_ERROR;
				CLANG_WARN_SUSPICIOUS_MOVE = YES;
				CLANG_WARN_UNREACHABLE_CODE = YES;
				CLANG_WARN__DUPLICATE_METHOD_MATCH = YES;
				"CODE_SIGN_IDENTITY[sdk=iphoneos*]" = "iPhone Developer";
				COPY_PHASE_STRIP = NO;
				DEBUG_INFORMATION_FORMAT = "dwarf-with-dsym";
				ENABLE_NS_ASSERTIONS = NO;
				ENABLE_STRICT_OBJC_MSGSEND = YES;
				GCC_C_LANGUAGE_STANDARD = gnu99;
				GCC_NO_COMMON_BLOCKS = YES;
				GCC_WARN_64_TO_32_BIT_CONVERSION = YES;
				GCC_WARN_ABOUT_RETURN_TYPE = YES_ERROR;
				GCC_WARN_UNDECLARED_SELECTOR = YES;
				GCC_WARN_UNINITIALIZED_AUTOS = YES_AGGRESSIVE;
				GCC_WARN_UNUSED_FUNCTION = YES;
				GCC_WARN_UNUSED_VARIABLE = YES;
				IPHONEOS_DEPLOYMENT_TARGET = 10.2;
				MTL_ENABLE_DEBUG_INFO = NO;
				SDKROOT = iphoneos;
				VALIDATE_PRODUCT = YES;
			};
			name = Release;
		};
		53DA39241E30969D00BFE477 /* Debug */ = {
			isa = XCBuildConfiguration;
			baseConfigurationReference = 33FD684FC3FAB577D5D01273 /* Pods-BLEKit.debug.xcconfig */;
			buildSettings = {
				ASSETCATALOG_COMPILER_APPICON_NAME = AppIcon;
				DEVELOPMENT_TEAM = X3TFC4EBWV;
				INFOPLIST_FILE = Example/Info.plist;
				IPHONEOS_DEPLOYMENT_TARGET = 8.0;
				LD_RUNPATH_SEARCH_PATHS = "$(inherited) @executable_path/Frameworks";
				PRODUCT_BUNDLE_IDENTIFIER = LevinYan.BLEKit;
				PRODUCT_NAME = "$(TARGET_NAME)";
			};
			name = Debug;
		};
		53DA39251E30969D00BFE477 /* Release */ = {
			isa = XCBuildConfiguration;
			baseConfigurationReference = E5CF21429758D57E18B1FAA0 /* Pods-BLEKit.release.xcconfig */;
			buildSettings = {
				ASSETCATALOG_COMPILER_APPICON_NAME = AppIcon;
				DEVELOPMENT_TEAM = X3TFC4EBWV;
				INFOPLIST_FILE = Example/Info.plist;
				IPHONEOS_DEPLOYMENT_TARGET = 8.0;
				LD_RUNPATH_SEARCH_PATHS = "$(inherited) @executable_path/Frameworks";
				PRODUCT_BUNDLE_IDENTIFIER = LevinYan.BLEKit;
				PRODUCT_NAME = "$(TARGET_NAME)";
			};
			name = Release;
		};
/* End XCBuildConfiguration section */

/* Begin XCConfigurationList section */
		53DA39071E30969D00BFE477 /* Build configuration list for PBXProject "BLEKit" */ = {
			isa = XCConfigurationList;
			buildConfigurations = (
				53DA39211E30969D00BFE477 /* Debug */,
				53DA39221E30969D00BFE477 /* Release */,
			);
			defaultConfigurationIsVisible = 0;
			defaultConfigurationName = Release;
		};
		53DA39231E30969D00BFE477 /* Build configuration list for PBXNativeTarget "BLEKit" */ = {
			isa = XCConfigurationList;
			buildConfigurations = (
				53DA39241E30969D00BFE477 /* Debug */,
				53DA39251E30969D00BFE477 /* Release */,
			);
			defaultConfigurationIsVisible = 0;
			defaultConfigurationName = Release;
		};
/* End XCConfigurationList section */
	};
	rootObject = 53DA39041E30969D00BFE477 /* Project object */;
}
